// !$*UTF8*$!
{
	archiveVersion = 1;
	classes = {
	};
	objectVersion = 50;
	objects = {

/* Begin PBXBuildFile section */
		FF2A69BF24648EC60035CE76 /* AppDelegate.swift in Sources */ = {isa = PBXBuildFile; fileRef = FF2A69BE24648EC60035CE76 /* AppDelegate.swift */; };
		FF2A69C124648EC60035CE76 /* SceneDelegate.swift in Sources */ = {isa = PBXBuildFile; fileRef = FF2A69C024648EC60035CE76 /* SceneDelegate.swift */; };
		FF2A69C524648EC80035CE76 /* Assets.xcassets in Resources */ = {isa = PBXBuildFile; fileRef = FF2A69C424648EC80035CE76 /* Assets.xcassets */; };
		FF2A69C824648EC80035CE76 /* Preview Assets.xcassets in Resources */ = {isa = PBXBuildFile; fileRef = FF2A69C724648EC80035CE76 /* Preview Assets.xcassets */; };
		FF2A69CB24648EC80035CE76 /* LaunchScreen.storyboard in Resources */ = {isa = PBXBuildFile; fileRef = FF2A69C924648EC80035CE76 /* LaunchScreen.storyboard */; };
		FF2A69D324648EF60035CE76 /* OnboardingView.swift in Sources */ = {isa = PBXBuildFile; fileRef = FF2A69D224648EF60035CE76 /* OnboardingView.swift */; };
		FF2A69D6246491C00035CE76 /* OnboardingPageViewController.swift in Sources */ = {isa = PBXBuildFile; fileRef = FF2A69D5246491C00035CE76 /* OnboardingPageViewController.swift */; };
		FF2A69DB2464982A0035CE76 /* OnboardingPage.swift in Sources */ = {isa = PBXBuildFile; fileRef = FF2A69DA2464982A0035CE76 /* OnboardingPage.swift */; };
		FF2A69DD24649A160035CE76 /* PageView.swift in Sources */ = {isa = PBXBuildFile; fileRef = FF2A69DC24649A160035CE76 /* PageView.swift */; };
		FF2A69DF24649B700035CE76 /* PageViewContainer.swift in Sources */ = {isa = PBXBuildFile; fileRef = FF2A69DE24649B700035CE76 /* PageViewContainer.swift */; };
		FF2A69E124649CA00035CE76 /* ColorExtensions.swift in Sources */ = {isa = PBXBuildFile; fileRef = FF2A69E024649CA00035CE76 /* ColorExtensions.swift */; };
		FF2A69E324649D960035CE76 /* PageIndicator.swift in Sources */ = {isa = PBXBuildFile; fileRef = FF2A69E224649D960035CE76 /* PageIndicator.swift */; };
		FF2A69E72465BCAE0035CE76 /* LoginView.swift in Sources */ = {isa = PBXBuildFile; fileRef = FF2A69E62465BCAE0035CE76 /* LoginView.swift */; };
		FF2A69E92465BF200035CE76 /* SRTextField.swift in Sources */ = {isa = PBXBuildFile; fileRef = FF2A69E82465BF200035CE76 /* SRTextField.swift */; };
		FF2A69EB2465C9EE0035CE76 /* SignUpView.swift in Sources */ = {isa = PBXBuildFile; fileRef = FF2A69EA2465C9EE0035CE76 /* SignUpView.swift */; };
		FF2A69ED2465CB140035CE76 /* PasswordRecoveryView.swift in Sources */ = {isa = PBXBuildFile; fileRef = FF2A69EC2465CB140035CE76 /* PasswordRecoveryView.swift */; };
		FF2A69EF2465CC630035CE76 /* KeyboardExtensions.swift in Sources */ = {isa = PBXBuildFile; fileRef = FF2A69EE2465CC630035CE76 /* KeyboardExtensions.swift */; };
		FF2A69F12465D4A00035CE76 /* ButtonModifier.swift in Sources */ = {isa = PBXBuildFile; fileRef = FF2A69F02465D4A00035CE76 /* ButtonModifier.swift */; };
/* End PBXBuildFile section */

/* Begin PBXFileReference section */
		FF2A69BB24648EC60035CE76 /* OnboardingFlow.app */ = {isa = PBXFileReference; explicitFileType = wrapper.application; includeInIndex = 0; path = OnboardingFlow.app; sourceTree = BUILT_PRODUCTS_DIR; };
		FF2A69BE24648EC60035CE76 /* AppDelegate.swift */ = {isa = PBXFileReference; lastKnownFileType = sourcecode.swift; path = AppDelegate.swift; sourceTree = "<group>"; };
		FF2A69C024648EC60035CE76 /* SceneDelegate.swift */ = {isa = PBXFileReference; lastKnownFileType = sourcecode.swift; path = SceneDelegate.swift; sourceTree = "<group>"; };
		FF2A69C424648EC80035CE76 /* Assets.xcassets */ = {isa = PBXFileReference; lastKnownFileType = folder.assetcatalog; path = Assets.xcassets; sourceTree = "<group>"; };
		FF2A69C724648EC80035CE76 /* Preview Assets.xcassets */ = {isa = PBXFileReference; lastKnownFileType = folder.assetcatalog; path = "Preview Assets.xcassets"; sourceTree = "<group>"; };
		FF2A69CA24648EC80035CE76 /* Base */ = {isa = PBXFileReference; lastKnownFileType = file.storyboard; name = Base; path = Base.lproj/LaunchScreen.storyboard; sourceTree = "<group>"; };
		FF2A69CC24648EC80035CE76 /* Info.plist */ = {isa = PBXFileReference; lastKnownFileType = text.plist.xml; path = Info.plist; sourceTree = "<group>"; };
		FF2A69D224648EF60035CE76 /* OnboardingView.swift */ = {isa = PBXFileReference; lastKnownFileType = sourcecode.swift; path = OnboardingView.swift; sourceTree = "<group>"; };
		FF2A69D5246491C00035CE76 /* OnboardingPageViewController.swift */ = {isa = PBXFileReference; lastKnownFileType = sourcecode.swift; path = OnboardingPageViewController.swift; sourceTree = "<group>"; };
		FF2A69DA2464982A0035CE76 /* OnboardingPage.swift */ = {isa = PBXFileReference; lastKnownFileType = sourcecode.swift; path = OnboardingPage.swift; sourceTree = "<group>"; };
		FF2A69DC24649A160035CE76 /* PageView.swift */ = {isa = PBXFileReference; lastKnownFileType = sourcecode.swift; path = PageView.swift; sourceTree = "<group>"; };
		FF2A69DE24649B700035CE76 /* PageViewContainer.swift */ = {isa = PBXFileReference; lastKnownFileType = sourcecode.swift; path = PageViewContainer.swift; sourceTree = "<group>"; };
		FF2A69E024649CA00035CE76 /* ColorExtensions.swift */ = {isa = PBXFileReference; lastKnownFileType = sourcecode.swift; path = ColorExtensions.swift; sourceTree = "<group>"; };
		FF2A69E224649D960035CE76 /* PageIndicator.swift */ = {isa = PBXFileReference; lastKnownFileType = sourcecode.swift; path = PageIndicator.swift; sourceTree = "<group>"; };
		FF2A69E62465BCAE0035CE76 /* LoginView.swift */ = {isa = PBXFileReference; lastKnownFileType = sourcecode.swift; path = LoginView.swift; sourceTree = "<group>"; };
		FF2A69E82465BF200035CE76 /* SRTextField.swift */ = {isa = PBXFileReference; lastKnownFileType = sourcecode.swift; path = SRTextField.swift; sourceTree = "<group>"; };
		FF2A69EA2465C9EE0035CE76 /* SignUpView.swift */ = {isa = PBXFileReference; lastKnownFileType = sourcecode.swift; path = SignUpView.swift; sourceTree = "<group>"; };
		FF2A69EC2465CB140035CE76 /* PasswordRecoveryView.swift */ = {isa = PBXFileReference; lastKnownFileType = sourcecode.swift; path = PasswordRecoveryView.swift; sourceTree = "<group>"; };
		FF2A69EE2465CC630035CE76 /* KeyboardExtensions.swift */ = {isa = PBXFileReference; lastKnownFileType = sourcecode.swift; path = KeyboardExtensions.swift; sourceTree = "<group>"; };
		FF2A69F02465D4A00035CE76 /* ButtonModifier.swift */ = {isa = PBXFileReference; lastKnownFileType = sourcecode.swift; path = ButtonModifier.swift; sourceTree = "<group>"; };
/* End PBXFileReference section */

/* Begin PBXFrameworksBuildPhase section */
		FF2A69B824648EC60035CE76 /* Frameworks */ = {
			isa = PBXFrameworksBuildPhase;
			buildActionMask = 2147483647;
			files = (
			);
			runOnlyForDeploymentPostprocessing = 0;
		};
/* End PBXFrameworksBuildPhase section */

/* Begin PBXGroup section */
		FF2A69B224648EC60035CE76 = {
			isa = PBXGroup;
			children = (
				FF2A69BD24648EC60035CE76 /* OnboardingFlow */,
				FF2A69BC24648EC60035CE76 /* Products */,
			);
			sourceTree = "<group>";
		};
		FF2A69BC24648EC60035CE76 /* Products */ = {
			isa = PBXGroup;
			children = (
				FF2A69BB24648EC60035CE76 /* OnboardingFlow.app */,
			);
			name = Products;
			sourceTree = "<group>";
		};
		FF2A69BD24648EC60035CE76 /* OnboardingFlow */ = {
			isa = PBXGroup;
			children = (
				FF2A69BE24648EC60035CE76 /* AppDelegate.swift */,
				FF2A69C024648EC60035CE76 /* SceneDelegate.swift */,
				FF2A69DA2464982A0035CE76 /* OnboardingPage.swift */,
				FF2A69E024649CA00035CE76 /* ColorExtensions.swift */,
				FF2A69EE2465CC630035CE76 /* KeyboardExtensions.swift */,
				FF2A69F02465D4A00035CE76 /* ButtonModifier.swift */,
				FF2A69D7246491C30035CE76 /* ViewControllers */,
				FF2A69D4246491A00035CE76 /* Views */,
				FF2A69C424648EC80035CE76 /* Assets.xcassets */,
				FF2A69C924648EC80035CE76 /* LaunchScreen.storyboard */,
				FF2A69CC24648EC80035CE76 /* Info.plist */,
				FF2A69C624648EC80035CE76 /* Preview Content */,
			);
			path = OnboardingFlow;
			sourceTree = "<group>";
		};
		FF2A69C624648EC80035CE76 /* Preview Content */ = {
			isa = PBXGroup;
			children = (
				FF2A69C724648EC80035CE76 /* Preview Assets.xcassets */,
			);
			path = "Preview Content";
			sourceTree = "<group>";
		};
		FF2A69D4246491A00035CE76 /* Views */ = {
			isa = PBXGroup;
			children = (
				FF2A69D224648EF60035CE76 /* OnboardingView.swift */,
				FF2A69DC24649A160035CE76 /* PageView.swift */,
				FF2A69DE24649B700035CE76 /* PageViewContainer.swift */,
				FF2A69E224649D960035CE76 /* PageIndicator.swift */,
				FF2A69E62465BCAE0035CE76 /* LoginView.swift */,
				FF2A69E82465BF200035CE76 /* SRTextField.swift */,
				FF2A69EA2465C9EE0035CE76 /* SignUpView.swift */,
				FF2A69EC2465CB140035CE76 /* PasswordRecoveryView.swift */,
			);
			path = Views;
			sourceTree = "<group>";
		};
		FF2A69D7246491C30035CE76 /* ViewControllers */ = {
			isa = PBXGroup;
			children = (
				FF2A69D5246491C00035CE76 /* OnboardingPageViewController.swift */,
			);
			path = ViewControllers;
			sourceTree = "<group>";
		};
/* End PBXGroup section */

/* Begin PBXNativeTarget section */
		FF2A69BA24648EC60035CE76 /* OnboardingFlow */ = {
			isa = PBXNativeTarget;
			buildConfigurationList = FF2A69CF24648EC80035CE76 /* Build configuration list for PBXNativeTarget "OnboardingFlow" */;
			buildPhases = (
				FF2A69B724648EC60035CE76 /* Sources */,
				FF2A69B824648EC60035CE76 /* Frameworks */,
				FF2A69B924648EC60035CE76 /* Resources */,
			);
			buildRules = (
			);
			dependencies = (
			);
			name = OnboardingFlow;
			productName = OnboardingFlow;
			productReference = FF2A69BB24648EC60035CE76 /* OnboardingFlow.app */;
			productType = "com.apple.product-type.application";
		};
/* End PBXNativeTarget section */

/* Begin PBXProject section */
		FF2A69B324648EC60035CE76 /* Project object */ = {
			isa = PBXProject;
			attributes = {
				LastSwiftUpdateCheck = 1140;
				LastUpgradeCheck = 1140;
				ORGANIZATIONNAME = "Srinivasan Rajendran";
				TargetAttributes = {
					FF2A69BA24648EC60035CE76 = {
						CreatedOnToolsVersion = 11.4;
					};
				};
			};
			buildConfigurationList = FF2A69B624648EC60035CE76 /* Build configuration list for PBXProject "OnboardingFlow" */;
			compatibilityVersion = "Xcode 9.3";
			developmentRegion = en;
			hasScannedForEncodings = 0;
			knownRegions = (
				en,
				Base,
			);
			mainGroup = FF2A69B224648EC60035CE76;
			productRefGroup = FF2A69BC24648EC60035CE76 /* Products */;
			projectDirPath = "";
			projectRoot = "";
			targets = (
				FF2A69BA24648EC60035CE76 /* OnboardingFlow */,
			);
		};
/* End PBXProject section */

/* Begin PBXResourcesBuildPhase section */
		FF2A69B924648EC60035CE76 /* Resources */ = {
			isa = PBXResourcesBuildPhase;
			buildActionMask = 2147483647;
			files = (
				FF2A69CB24648EC80035CE76 /* LaunchScreen.storyboard in Resources */,
				FF2A69C824648EC80035CE76 /* Preview Assets.xcassets in Resources */,
				FF2A69C524648EC80035CE76 /* Assets.xcassets in Resources */,
			);
			runOnlyForDeploymentPostprocessing = 0;
		};
/* End PBXResourcesBuildPhase section */

/* Begin PBXSourcesBuildPhase section */
		FF2A69B724648EC60035CE76 /* Sources */ = {
			isa = PBXSourcesBuildPhase;
			buildActionMask = 2147483647;
			files = (
				FF2A69D6246491C00035CE76 /* OnboardingPageViewController.swift in Sources */,
				FF2A69E92465BF200035CE76 /* SRTextField.swift in Sources */,
				FF2A69DF24649B700035CE76 /* PageViewContainer.swift in Sources */,
				FF2A69DD24649A160035CE76 /* PageView.swift in Sources */,
				FF2A69E124649CA00035CE76 /* ColorExtensions.swift in Sources */,
				FF2A69D324648EF60035CE76 /* OnboardingView.swift in Sources */,
				FF2A69BF24648EC60035CE76 /* AppDelegate.swift in Sources */,
				FF2A69EB2465C9EE0035CE76 /* SignUpView.swift in Sources */,
				FF2A69C124648EC60035CE76 /* SceneDelegate.swift in Sources */,
				FF2A69F12465D4A00035CE76 /* ButtonModifier.swift in Sources */,
				FF2A69EF2465CC630035CE76 /* KeyboardExtensions.swift in Sources */,
				FF2A69ED2465CB140035CE76 /* PasswordRecoveryView.swift in Sources */,
				FF2A69E72465BCAE0035CE76 /* LoginView.swift in Sources */,
				FF2A69E324649D960035CE76 /* PageIndicator.swift in Sources */,
				FF2A69DB2464982A0035CE76 /* OnboardingPage.swift in Sources */,
			);
			runOnlyForDeploymentPostprocessing = 0;
		};
/* End PBXSourcesBuildPhase section */

/* Begin PBXVariantGroup section */
		FF2A69C924648EC80035CE76 /* LaunchScreen.storyboard */ = {
			isa = PBXVariantGroup;
			children = (
				FF2A69CA24648EC80035CE76 /* Base */,
			);
			name = LaunchScreen.storyboard;
			sourceTree = "<group>";
		};
/* End PBXVariantGroup section */

/* Begin XCBuildConfiguration section */
		FF2A69CD24648EC80035CE76 /* Debug */ = {
			isa = XCBuildConfiguration;
			buildSettings = {
				ALWAYS_SEARCH_USER_PATHS = NO;
				CLANG_ANALYZER_NONNULL = YES;
				CLANG_ANALYZER_NUMBER_OBJECT_CONVERSION = YES_AGGRESSIVE;
				CLANG_CXX_LANGUAGE_STANDARD = "gnu++14";
				CLANG_CXX_LIBRARY = "libc++";
				CLANG_ENABLE_MODULES = YES;
				CLANG_ENABLE_OBJC_ARC = YES;
				CLANG_ENABLE_OBJC_WEAK = YES;
				CLANG_WARN_BLOCK_CAPTURE_AUTORELEASING = YES;
				CLANG_WARN_BOOL_CONVERSION = YES;
				CLANG_WARN_COMMA = YES;
				CLANG_WARN_CONSTANT_CONVERSION = YES;
				CLANG_WARN_DEPRECATED_OBJC_IMPLEMENTATIONS = YES;
				CLANG_WARN_DIRECT_OBJC_ISA_USAGE = YES_ERROR;
				CLANG_WARN_DOCUMENTATION_COMMENTS = YES;
				CLANG_WARN_EMPTY_BODY = YES;
				CLANG_WARN_ENUM_CONVERSION = YES;
				CLANG_WARN_INFINITE_RECURSION = YES;
				CLANG_WARN_INT_CONVERSION = YES;
				CLANG_WARN_NON_LITERAL_NULL_CONVERSION = YES;
				CLANG_WARN_OBJC_IMPLICIT_RETAIN_SELF = YES;
				CLANG_WARN_OBJC_LITERAL_CONVERSION = YES;
				CLANG_WARN_OBJC_ROOT_CLASS = YES_ERROR;
				CLANG_WARN_RANGE_LOOP_ANALYSIS = YES;
				CLANG_WARN_STRICT_PROTOTYPES = YES;
				CLANG_WARN_SUSPICIOUS_MOVE = YES;
				CLANG_WARN_UNGUARDED_AVAILABILITY = YES_AGGRESSIVE;
				CLANG_WARN_UNREACHABLE_CODE = YES;
				CLANG_WARN__DUPLICATE_METHOD_MATCH = YES;
				COPY_PHASE_STRIP = NO;
				DEBUG_INFORMATION_FORMAT = dwarf;
				ENABLE_STRICT_OBJC_MSGSEND = YES;
				ENABLE_TESTABILITY = YES;
				GCC_C_LANGUAGE_STANDARD = gnu11;
				GCC_DYNAMIC_NO_PIC = NO;
				GCC_NO_COMMON_BLOCKS = YES;
				GCC_OPTIMIZATION_LEVEL = 0;
				GCC_PREPROCESSOR_DEFINITIONS = (
					"DEBUG=1",
					"$(inherited)",
				);
				GCC_WARN_64_TO_32_BIT_CONVERSION = YES;
				GCC_WARN_ABOUT_RETURN_TYPE = YES_ERROR;
				GCC_WARN_UNDECLARED_SELECTOR = YES;
				GCC_WARN_UNINITIALIZED_AUTOS = YES_AGGRESSIVE;
				GCC_WARN_UNUSED_FUNCTION = YES;
				GCC_WARN_UNUSED_VARIABLE = YES;
				IPHONEOS_DEPLOYMENT_TARGET = 13.4;
				MTL_ENABLE_DEBUG_INFO = INCLUDE_SOURCE;
				MTL_FAST_MATH = YES;
				ONLY_ACTIVE_ARCH = YES;
				SDKROOT = iphoneos;
				SWIFT_ACTIVE_COMPILATION_CONDITIONS = DEBUG;
				SWIFT_OPTIMIZATION_LEVEL = "-Onone";
			};
			name = Debug;
		};
		FF2A69CE24648EC80035CE76 /* Release */ = {
			isa = XCBuildConfiguration;
			buildSettings = {
				ALWAYS_SEARCH_USER_PATHS = NO;
				CLANG_ANALYZER_NONNULL = YES;
				CLANG_ANALYZER_NUMBER_OBJECT_CONVERSION = YES_AGGRESSIVE;
				CLANG_CXX_LANGUAGE_STANDARD = "gnu++14";
				CLANG_CXX_LIBRARY = "libc++";
				CLANG_ENABLE_MODULES = YES;
				CLANG_ENABLE_OBJC_ARC = YES;
				CLANG_ENABLE_OBJC_WEAK = YES;
				CLANG_WARN_BLOCK_CAPTURE_AUTORELEASING = YES;
				CLANG_WARN_BOOL_CONVERSION = YES;
				CLANG_WARN_COMMA = YES;
				CLANG_WARN_CONSTANT_CONVERSION = YES;
				CLANG_WARN_DEPRECATED_OBJC_IMPLEMENTATIONS = YES;
				CLANG_WARN_DIRECT_OBJC_ISA_USAGE = YES_ERROR;
				CLANG_WARN_DOCUMENTATION_COMMENTS = YES;
				CLANG_WARN_EMPTY_BODY = YES;
				CLANG_WARN_ENUM_CONVERSION = YES;
				CLANG_WARN_INFINITE_RECURSION = YES;
				CLANG_WARN_INT_CONVERSION = YES;
				CLANG_WARN_NON_LITERAL_NULL_CONVERSION = YES;
				CLANG_WARN_OBJC_IMPLICIT_RETAIN_SELF = YES;
				CLANG_WARN_OBJC_LITERAL_CONVERSION = YES;
				CLANG_WARN_OBJC_ROOT_CLASS = YES_ERROR;
				CLANG_WARN_RANGE_LOOP_ANALYSIS = YES;
				CLANG_WARN_STRICT_PROTOTYPES = YES;
				CLANG_WARN_SUSPICIOUS_MOVE = YES;
				CLANG_WARN_UNGUARDED_AVAILABILITY = YES_AGGRESSIVE;
				CLANG_WARN_UNREACHABLE_CODE = YES;
				CLANG_WARN__DUPLICATE_METHOD_MATCH = YES;
				COPY_PHASE_STRIP = NO;
				DEBUG_INFORMATION_FORMAT = "dwarf-with-dsym";
				ENABLE_NS_ASSERTIONS = NO;
				ENABLE_STRICT_OBJC_MSGSEND = YES;
				GCC_C_LANGUAGE_STANDARD = gnu11;
				GCC_NO_COMMON_BLOCKS = YES;
				GCC_WARN_64_TO_32_BIT_CONVERSION = YES;
				GCC_WARN_ABOUT_RETURN_TYPE = YES_ERROR;
				GCC_WARN_UNDECLARED_SELECTOR = YES;
				GCC_WARN_UNINITIALIZED_AUTOS = YES_AGGRESSIVE;
				GCC_WARN_UNUSED_FUNCTION = YES;
				GCC_WARN_UNUSED_VARIABLE = YES;
				IPHONEOS_DEPLOYMENT_TARGET = 13.4;
				MTL_ENABLE_DEBUG_INFO = NO;
				MTL_FAST_MATH = YES;
				SDKROOT = iphoneos;
				SWIFT_COMPILATION_MODE = wholemodule;
				SWIFT_OPTIMIZATION_LEVEL = "-O";
				VALIDATE_PRODUCT = YES;
			};
			name = Release;
		};
		FF2A69D024648EC80035CE76 /* Debug */ = {
			isa = XCBuildConfiguration;
			buildSettings = {
				ASSETCATALOG_COMPILER_APPICON_NAME = AppIcon;
				CODE_SIGN_STYLE = Automatic;
				DEVELOPMENT_ASSET_PATHS = "\"OnboardingFlow/Preview Content\"";
				DEVELOPMENT_TEAM = 59PKSR6X25;
				ENABLE_PREVIEWS = YES;
				INFOPLIST_FILE = OnboardingFlow/Info.plist;
				LD_RUNPATH_SEARCH_PATHS = (
					"$(inherited)",
					"@executable_path/Frameworks",
				);
				PRODUCT_BUNDLE_IDENTIFIER = com.srinivasan.OnboardingFlow;
				PRODUCT_NAME = "$(TARGET_NAME)";
				SWIFT_VERSION = 5.0;
				TARGETED_DEVICE_FAMILY = "1,2";
			};
			name = Debug;
		};
		FF2A69D124648EC80035CE76 /* Release */ = {
			isa = XCBuildConfiguration;
			buildSettings = {
				ASSETCATALOG_COMPILER_APPICON_NAME = AppIcon;
				CODE_SIGN_STYLE = Automatic;
				DEVELOPMENT_ASSET_PATHS = "\"OnboardingFlow/Preview Content\"";
				DEVELOPMENT_TEAM = 59PKSR6X25;
				ENABLE_PREVIEWS = YES;
				INFOPLIST_FILE = OnboardingFlow/Info.plist;
				LD_RUNPATH_SEARCH_PATHS = (
					"$(inherited)",
					"@executable_path/Frameworks",
				);
				PRODUCT_BUNDLE_IDENTIFIER = com.srinivasan.OnboardingFlow;
				PRODUCT_NAME = "$(TARGET_NAME)";
				SWIFT_VERSION = 5.0;
				TARGETED_DEVICE_FAMILY = "1,2";
			};
			name = Release;
		};
/* End XCBuildConfiguration section */

/* Begin XCConfigurationList section */
		FF2A69B624648EC60035CE76 /* Build configuration list for PBXProject "OnboardingFlow" */ = {
			isa = XCConfigurationList;
			buildConfigurations = (
				FF2A69CD24648EC80035CE76 /* Debug */,
				FF2A69CE24648EC80035CE76 /* Release */,
			);
			defaultConfigurationIsVisible = 0;
			defaultConfigurationName = Release;
		};
		FF2A69CF24648EC80035CE76 /* Build configuration list for PBXNativeTarget "OnboardingFlow" */ = {
			isa = XCConfigurationList;
			buildConfigurations = (
				FF2A69D024648EC80035CE76 /* Debug */,
				FF2A69D124648EC80035CE76 /* Release */,
			);
			defaultConfigurationIsVisible = 0;
			defaultConfigurationName = Release;
		};
/* End XCConfigurationList section */
	};
	rootObject = FF2A69B324648EC60035CE76 /* Project object */;
}
